// !$*UTF8*$!
{
	archiveVersion = 1;
	classes = {
	};
	objectVersion = 77;
	objects = {

	/* Begin PBXBuildFile section */
		7814F0F12E1B0A80000995F8 /* AXorcist in Frameworks */ = {isa = PBXBuildFile; productRef = 7814F0F02E1B0A80000995F8 /* AXorcist */; };
		78B1D0FC2F3A123400C0FFEE /* AppIntents.framework in Frameworks */ = {isa = PBXBuildFile; fileRef = 78B1D0FB2F3A123400C0FFEE /* AppIntents.framework */; };
		78EA3D132E3B92C0000ADFA6 /* PeekabooUICore in Frameworks */ = {isa = PBXBuildFile; productRef = 78EA3D122E3B92C0000ADFA6 /* PeekabooUICore */; };
		78EA3D9B0000000000000001 /* PeekabooCore in Frameworks */ = {isa = PBXBuildFile; productRef = 78EA3D9A0000000000000001 /* PeekabooCore */; };
	/* End PBXBuildFile section */

	/* Begin PBXFileReference section */
			7814F0DE2E1B0A20000995F8 /* Inspector.app */ = {isa = PBXFileReference; explicitFileType = wrapper.application; includeInIndex = 0; path = Inspector.app; sourceTree = BUILT_PRODUCTS_DIR; };
			78B1D0FB2F3A123400C0FFEE /* AppIntents.framework */ = {isa = PBXFileReference; lastKnownFileType = wrapper.framework; name = AppIntents.framework; path = System/Library/Frameworks/AppIntents.framework; sourceTree = SDKROOT; };
	/* End PBXFileReference section */

/* Begin PBXFileSystemSynchronizedRootGroup section */
		7814F0E02E1B0A20000995F8 /* Inspector */ = {
			isa = PBXFileSystemSynchronizedRootGroup;
			path = Inspector;
			sourceTree = "<group>";
		};
/* End PBXFileSystemSynchronizedRootGroup section */

	/* Begin PBXFrameworksBuildPhase section */
			7814F0DB2E1B0A20000995F8 /* Frameworks */ = {
				isa = PBXFrameworksBuildPhase;
				buildActionMask = 2147483647;
				files = (
					7814F0F12E1B0A80000995F8 /* AXorcist in Frameworks */,
					78B1D0FC2F3A123400C0FFEE /* AppIntents.framework in Frameworks */,
					78EA3D132E3B92C0000ADFA6 /* PeekabooUICore in Frameworks */,
					78EA3D9B0000000000000001 /* PeekabooCore in Frameworks */,
				);
				runOnlyForDeploymentPostprocessing = 0;
			};
	/* End PBXFrameworksBuildPhase section */

/* Begin PBXGroup section */
		7814F0D52E1B0A20000995F8 = {
			isa = PBXGroup;
			children = (
				7814F0E02E1B0A20000995F8 /* Inspector */,
				7814F0DF2E1B0A20000995F8 /* Products */,
			);
			sourceTree = "<group>";
		};
		7814F0DF2E1B0A20000995F8 /* Products */ = {
			isa = PBXGroup;
			children = (
				7814F0DE2E1B0A20000995F8 /* Inspector.app */,
			);
			name = Products;
			sourceTree = "<group>";
		};
/* End PBXGroup section */

/* Begin PBXNativeTarget section */
		7814F0DD2E1B0A20000995F8 /* Inspector */ = {
			isa = PBXNativeTarget;
			buildConfigurationList = 7814F0E92E1B0A22000995F8 /* Build configuration list for PBXNativeTarget "Inspector" */;
			buildPhases = (
				7814F0DA2E1B0A20000995F8 /* Sources */,
				7814F0DB2E1B0A20000995F8 /* Frameworks */,
				7814F0DC2E1B0A20000995F8 /* Resources */,
			);
			buildRules = (
			);
			dependencies = (
			);
			fileSystemSynchronizedGroups = (
				7814F0E02E1B0A20000995F8 /* Inspector */,
			);
			name = Inspector;
			packageProductDependencies = (
				7814F0F02E1B0A80000995F8 /* AXorcist */,
				78EA3D122E3B92C0000ADFA6 /* PeekabooUICore */,
				78EA3D9A0000000000000001 /* PeekabooCore */,
			);
			productName = PeekabooInspector;
			productReference = 7814F0DE2E1B0A20000995F8 /* Inspector.app */;
			productType = "com.apple.product-type.application";
		};
/* End PBXNativeTarget section */

/* Begin PBXProject section */
		7814F0D62E1B0A20000995F8 /* Project object */ = {
			isa = PBXProject;
			attributes = {
				BuildIndependentTargetsInParallel = 1;
				LastSwiftUpdateCheck = 2600;
				LastUpgradeCheck = 2600;
				TargetAttributes = {
					7814F0DD2E1B0A20000995F8 = {
						CreatedOnToolsVersion = 26.0;
					};
				};
			};
			buildConfigurationList = 7814F0D92E1B0A20000995F8 /* Build configuration list for PBXProject "Inspector" */;
			developmentRegion = en;
			hasScannedForEncodings = 0;
			knownRegions = (
				en,
				Base,
			);
			mainGroup = 7814F0D52E1B0A20000995F8;
			minimizedProjectReferenceProxies = 1;
			packageReferences = (
				7814F0EF2E1B0A80000995F8 /* XCLocalSwiftPackageReference "../../AXorcist" */,
				78EA3D112E3B92C0000ADFA6 /* XCLocalSwiftPackageReference "../../Core/PeekabooUICore" */,
				78EA3D990000000000000001 /* XCLocalSwiftPackageReference "../../Core/PeekabooCore" */,
			);
			preferredProjectObjectVersion = 77;
			productRefGroup = 7814F0DF2E1B0A20000995F8 /* Products */;
			projectDirPath = "";
			projectRoot = "";
			targets = (
				7814F0DD2E1B0A20000995F8 /* Inspector */,
			);
		};
/* End PBXProject section */

/* Begin PBXResourcesBuildPhase section */
		7814F0DC2E1B0A20000995F8 /* Resources */ = {
			isa = PBXResourcesBuildPhase;
			buildActionMask = 2147483647;
			files = (
			);
			runOnlyForDeploymentPostprocessing = 0;
		};
/* End PBXResourcesBuildPhase section */

/* Begin PBXSourcesBuildPhase section */
		7814F0DA2E1B0A20000995F8 /* Sources */ = {
			isa = PBXSourcesBuildPhase;
			buildActionMask = 2147483647;
			files = (
			);
			runOnlyForDeploymentPostprocessing = 0;
		};
/* End PBXSourcesBuildPhase section */

/* Begin XCBuildConfiguration section */
		7814F0E72E1B0A22000995F8 /* Debug */ = {
			isa = XCBuildConfiguration;
			buildSettings = {
				ALWAYS_SEARCH_USER_PATHS = NO;
				ASSETCATALOG_COMPILER_GENERATE_SWIFT_ASSET_SYMBOL_EXTENSIONS = YES;
				CLANG_ANALYZER_NONNULL = YES;
				CLANG_ANALYZER_NUMBER_OBJECT_CONVERSION = YES_AGGRESSIVE;
				CLANG_CXX_LANGUAGE_STANDARD = "gnu++20";
				CLANG_ENABLE_MODULES = YES;
				CLANG_ENABLE_OBJC_ARC = YES;
				CLANG_ENABLE_OBJC_WEAK = YES;
				CLANG_WARN_BLOCK_CAPTURE_AUTORELEASING = YES;
				CLANG_WARN_BOOL_CONVERSION = YES;
				CLANG_WARN_COMMA = YES;
				CLANG_WARN_CONSTANT_CONVERSION = YES;
				CLANG_WARN_DEPRECATED_OBJC_IMPLEMENTATIONS = YES;
				CLANG_WARN_DIRECT_OBJC_ISA_USAGE = YES_ERROR;
				CLANG_WARN_DOCUMENTATION_COMMENTS = YES;
				CLANG_WARN_EMPTY_BODY = YES;
				CLANG_WARN_ENUM_CONVERSION = YES;
				CLANG_WARN_INFINITE_RECURSION = YES;
				CLANG_WARN_INT_CONVERSION = YES;
				CLANG_WARN_NON_LITERAL_NULL_CONVERSION = YES;
				CLANG_WARN_OBJC_IMPLICIT_RETAIN_SELF = YES;
				CLANG_WARN_OBJC_LITERAL_CONVERSION = YES;
				CLANG_WARN_OBJC_ROOT_CLASS = YES_ERROR;
				CLANG_WARN_QUOTED_INCLUDE_IN_FRAMEWORK_HEADER = YES;
				CLANG_WARN_RANGE_LOOP_ANALYSIS = YES;
				CLANG_WARN_STRICT_PROTOTYPES = YES;
				CLANG_WARN_SUSPICIOUS_MOVE = YES;
				CLANG_WARN_UNGUARDED_AVAILABILITY = YES_AGGRESSIVE;
				CLANG_WARN_UNREACHABLE_CODE = YES;
				CLANG_WARN__DUPLICATE_METHOD_MATCH = YES;
				COPY_PHASE_STRIP = NO;
				DEBUG_INFORMATION_FORMAT = dwarf;
				DEVELOPMENT_TEAM = FWJYW4S8P8;
				ENABLE_STRICT_OBJC_MSGSEND = YES;
				ENABLE_TESTABILITY = YES;
				ENABLE_USER_SCRIPT_SANDBOXING = YES;
				GCC_C_LANGUAGE_STANDARD = gnu17;
				GCC_DYNAMIC_NO_PIC = NO;
				GCC_NO_COMMON_BLOCKS = YES;
				GCC_OPTIMIZATION_LEVEL = 0;
				GCC_PREPROCESSOR_DEFINITIONS = (
					"DEBUG=1",
					"$(inherited)",
				);
				GCC_WARN_64_TO_32_BIT_CONVERSION = YES;
				GCC_WARN_ABOUT_RETURN_TYPE = YES_ERROR;
				GCC_WARN_UNDECLARED_SELECTOR = YES;
				GCC_WARN_UNINITIALIZED_AUTOS = YES_AGGRESSIVE;
				GCC_WARN_UNUSED_FUNCTION = YES;
				GCC_WARN_UNUSED_VARIABLE = YES;
				LOCALIZATION_PREFERS_STRING_CATALOGS = YES;
				MTL_ENABLE_DEBUG_INFO = INCLUDE_SOURCE;
				MTL_FAST_MATH = YES;
				ONLY_ACTIVE_ARCH = YES;
				SWIFT_ACTIVE_COMPILATION_CONDITIONS = "DEBUG $(inherited)";
				SWIFT_OPTIMIZATION_LEVEL = "-Onone";
			};
			name = Debug;
		};
		7814F0E82E1B0A22000995F8 /* Release */ = {
			isa = XCBuildConfiguration;
			buildSettings = {
				ALWAYS_SEARCH_USER_PATHS = NO;
				ASSETCATALOG_COMPILER_GENERATE_SWIFT_ASSET_SYMBOL_EXTENSIONS = YES;
				CLANG_ANALYZER_NONNULL = YES;
				CLANG_ANALYZER_NUMBER_OBJECT_CONVERSION = YES_AGGRESSIVE;
				CLANG_CXX_LANGUAGE_STANDARD = "gnu++20";
				CLANG_ENABLE_MODULES = YES;
				CLANG_ENABLE_OBJC_ARC = YES;
				CLANG_ENABLE_OBJC_WEAK = YES;
				CLANG_WARN_BLOCK_CAPTURE_AUTORELEASING = YES;
				CLANG_WARN_BOOL_CONVERSION = YES;
				CLANG_WARN_COMMA = YES;
				CLANG_WARN_CONSTANT_CONVERSION = YES;
				CLANG_WARN_DEPRECATED_OBJC_IMPLEMENTATIONS = YES;
				CLANG_WARN_DIRECT_OBJC_ISA_USAGE = YES_ERROR;
				CLANG_WARN_DOCUMENTATION_COMMENTS = YES;
				CLANG_WARN_EMPTY_BODY = YES;
				CLANG_WARN_ENUM_CONVERSION = YES;
				CLANG_WARN_INFINITE_RECURSION = YES;
				CLANG_WARN_INT_CONVERSION = YES;
				CLANG_WARN_NON_LITERAL_NULL_CONVERSION = YES;
				CLANG_WARN_OBJC_IMPLICIT_RETAIN_SELF = YES;
				CLANG_WARN_OBJC_LITERAL_CONVERSION = YES;
				CLANG_WARN_OBJC_ROOT_CLASS = YES_ERROR;
				CLANG_WARN_QUOTED_INCLUDE_IN_FRAMEWORK_HEADER = YES;
				CLANG_WARN_RANGE_LOOP_ANALYSIS = YES;
				CLANG_WARN_STRICT_PROTOTYPES = YES;
				CLANG_WARN_SUSPICIOUS_MOVE = YES;
				CLANG_WARN_UNGUARDED_AVAILABILITY = YES_AGGRESSIVE;
				CLANG_WARN_UNREACHABLE_CODE = YES;
				CLANG_WARN__DUPLICATE_METHOD_MATCH = YES;
				COPY_PHASE_STRIP = NO;
				DEBUG_INFORMATION_FORMAT = "dwarf-with-dsym";
				DEVELOPMENT_TEAM = FWJYW4S8P8;
				ENABLE_NS_ASSERTIONS = NO;
				ENABLE_STRICT_OBJC_MSGSEND = YES;
				ENABLE_USER_SCRIPT_SANDBOXING = YES;
				GCC_C_LANGUAGE_STANDARD = gnu17;
				GCC_NO_COMMON_BLOCKS = YES;
				GCC_WARN_64_TO_32_BIT_CONVERSION = YES;
				GCC_WARN_ABOUT_RETURN_TYPE = YES_ERROR;
				GCC_WARN_UNDECLARED_SELECTOR = YES;
				GCC_WARN_UNINITIALIZED_AUTOS = YES_AGGRESSIVE;
				GCC_WARN_UNUSED_FUNCTION = YES;
				GCC_WARN_UNUSED_VARIABLE = YES;
				LOCALIZATION_PREFERS_STRING_CATALOGS = YES;
				MTL_ENABLE_DEBUG_INFO = NO;
				MTL_FAST_MATH = YES;
				SWIFT_COMPILATION_MODE = wholemodule;
			};
			name = Release;
		};
		7814F0EA2E1B0A22000995F8 /* Debug */ = {
			isa = XCBuildConfiguration;
			buildSettings = {
				ASSETCATALOG_COMPILER_APPICON_NAME = AppIcon;
				ASSETCATALOG_COMPILER_GLOBAL_ACCENT_COLOR_NAME = AccentColor;
				ASSETCATALOG_COMPILER_INCLUDE_ALL_APPICON_ASSETS = YES;
				CODE_SIGN_ENTITLEMENTS = Inspector/PeekabooInspector.entitlements;
				CODE_SIGN_STYLE = Automatic;
				CURRENT_PROJECT_VERSION = 1;
				DEVELOPMENT_TEAM = FWJYW4S8P8;
				ENABLE_APP_SANDBOX = NO;
				ENABLE_HARDENED_RUNTIME = YES;
				ENABLE_PREVIEWS = YES;
				GENERATE_INFOPLIST_FILE = YES;
				LD_RUNPATH_SEARCH_PATHS = "@executable_path/Frameworks";
				"LD_RUNPATH_SEARCH_PATHS[sdk=macosx*]" = "@executable_path/../Frameworks";
				MACOSX_DEPLOYMENT_TARGET = 14.0;
				MARKETING_VERSION = 4.2.0;
				PRODUCT_BUNDLE_IDENTIFIER = boo.peekaboo.inspector;
				PRODUCT_NAME = "$(TARGET_NAME)";
				SDKROOT = macosx;
				SUPPORTED_PLATFORMS = macosx;
				SWIFT_EMIT_LOC_STRINGS = YES;
				SWIFT_VERSION = 5.0;
				TARGETED_DEVICE_FAMILY = 1;
			};
			name = Debug;
		};
		7814F0EB2E1B0A22000995F8 /* Release */ = {
			isa = XCBuildConfiguration;
			buildSettings = {
				ASSETCATALOG_COMPILER_APPICON_NAME = AppIcon;
				ASSETCATALOG_COMPILER_GLOBAL_ACCENT_COLOR_NAME = AccentColor;
				ASSETCATALOG_COMPILER_INCLUDE_ALL_APPICON_ASSETS = YES;
				CODE_SIGN_ENTITLEMENTS = Inspector/PeekabooInspector.entitlements;
				CODE_SIGN_STYLE = Automatic;
				CURRENT_PROJECT_VERSION = 1;
				DEVELOPMENT_TEAM = FWJYW4S8P8;
				ENABLE_APP_SANDBOX = NO;
				ENABLE_HARDENED_RUNTIME = YES;
				ENABLE_PREVIEWS = YES;
				GENERATE_INFOPLIST_FILE = YES;
				LD_RUNPATH_SEARCH_PATHS = "@executable_path/Frameworks";
				"LD_RUNPATH_SEARCH_PATHS[sdk=macosx*]" = "@executable_path/../Frameworks";
				MACOSX_DEPLOYMENT_TARGET = 14.0;
				MARKETING_VERSION = 4.2.0;
				PRODUCT_BUNDLE_IDENTIFIER = boo.peekaboo.inspector;
				PRODUCT_NAME = "$(TARGET_NAME)";
				SDKROOT = macosx;
				SUPPORTED_PLATFORMS = macosx;
				SWIFT_EMIT_LOC_STRINGS = YES;
				SWIFT_VERSION = 5.0;
				TARGETED_DEVICE_FAMILY = 1;
			};
			name = Release;
		};
/* End XCBuildConfiguration section */

/* Begin XCConfigurationList section */
		7814F0D92E1B0A20000995F8 /* Build configuration list for PBXProject "Inspector" */ = {
			isa = XCConfigurationList;
			buildConfigurations = (
				7814F0E72E1B0A22000995F8 /* Debug */,
				7814F0E82E1B0A22000995F8 /* Release */,
			);
			defaultConfigurationIsVisible = 0;
			defaultConfigurationName = Release;
		};
		7814F0E92E1B0A22000995F8 /* Build configuration list for PBXNativeTarget "Inspector" */ = {
			isa = XCConfigurationList;
			buildConfigurations = (
				7814F0EA2E1B0A22000995F8 /* Debug */,
				7814F0EB2E1B0A22000995F8 /* Release */,
			);
			defaultConfigurationIsVisible = 0;
			defaultConfigurationName = Release;
		};
/* End XCConfigurationList section */

/* Begin XCLocalSwiftPackageReference section */
	7814F0EF2E1B0A80000995F8 /* XCLocalSwiftPackageReference "../../AXorcist" */ = {
		isa = XCLocalSwiftPackageReference;
		relativePath = ../../AXorcist;
	};
	78EA3D112E3B92C0000ADFA6 /* XCLocalSwiftPackageReference "../../Core/PeekabooUICore" */ = {
		isa = XCLocalSwiftPackageReference;
		relativePath = ../../Core/PeekabooUICore;
	};
	78EA3D990000000000000001 /* XCLocalSwiftPackageReference "../../Core/PeekabooCore" */ = {
		isa = XCLocalSwiftPackageReference;
		relativePath = ../../Core/PeekabooCore;
	};
/* End XCLocalSwiftPackageReference section */

/* Begin XCSwiftPackageProductDependency section */
	7814F0F02E1B0A80000995F8 /* AXorcist */ = {
		isa = XCSwiftPackageProductDependency;
		package = 7814F0EF2E1B0A80000995F8 /* XCRemoteSwiftPackageReference "AXorcist" */;
		productName = AXorcist;
	};
	78EA3D122E3B92C0000ADFA6 /* PeekabooUICore */ = {
		isa = XCSwiftPackageProductDependency;
		productName = PeekabooUICore;
	};
	78EA3D9A0000000000000001 /* PeekabooCore */ = {
		isa = XCSwiftPackageProductDependency;
		package = 78EA3D990000000000000001 /* XCLocalSwiftPackageReference "../../Core/PeekabooCore" */;
		productName = PeekabooCore;
	};
/* End XCSwiftPackageProductDependency section */
	};
	rootObject = 7814F0D62E1B0A20000995F8 /* Project object */;
}
