version = 1
revision = 3
requires-python = ">=3.10"

[manifest]
requirements = [
    { name = "dmgbuild", specifier = "==1.6.7" },
    { name = "ds-store", specifier = "==1.3.3" },
    { name = "mac-alias", specifier = "==2.2.3" },
]

[[package]]
name = "dmgbuild"
version = "1.6.7"
source = { registry = "https://pypi.org/simple" }
dependencies = [
    { name = "ds-store" },
    { name = "mac-alias" },
]
sdist = { url = "https://files.pythonhosted.org/packages/a7/a5/f4dbd63c96902de8f2427a82518aaeedac0006587409294e55a14e45f367/dmgbuild-1.6.7.tar.gz", hash = "sha256:676b17acd448899f6d4a83b2184e0657480444ecb6ac9c4922889efad9e5dbfb", size = 36938, upload-time = "2026-01-15T23:13:43.779Z" }
wheels = [
    { url = "https://files.pythonhosted.org/packages/6c/4a/8812638bba991a55a4b670806ab9cf60207077401893bb308eb1b04f288c/dmgbuild-1.6.7-py3-none-any.whl", hash = "sha256:37ee5771c377beb3203d9164aae8046ffed8531c06edf9227f5788b3c599b1bf", size = 34853, upload-time = "2026-01-15T23:13:41.854Z" },
]

[[package]]
name = "ds-store"
version = "1.3.3"
source = { registry = "https://pypi.org/simple" }
dependencies = [
    { name = "mac-alias" },
]
sdist = { url = "https://files.pythonhosted.org/packages/65/88/6b56e5648599959735be58281b15e6955c735b759e475a72236f85e28ffe/ds_store-1.3.3.tar.gz", hash = "sha256:a7380896ea1e880f7ba07c5cdc24bd1530fb86836cad0be531f3e80e2d721ac5", size = 27503, upload-time = "2026-06-23T00:17:51.642Z" }
wheels = [
    { url = "https://files.pythonhosted.org/packages/66/c0/718a4132306ff8ff052f2c40595f45595993b480409400d55b07f3842d45/ds_store-1.3.3-py3-none-any.whl", hash = "sha256:b92a371efbf1b4ccce2a04d1ed13fceacc4736c81ba09cf5aefb74c088160a35", size = 16292, upload-time = "2026-06-23T00:17:50.202Z" },
]

[[package]]
name = "mac-alias"
version = "2.2.3"
source = { registry = "https://pypi.org/simple" }
sdist = { url = "https://files.pythonhosted.org/packages/fb/c9/2c28b2ea968a6bbc4327c0360b746fda3757cb11cf287d00078cf81a27e2/mac_alias-2.2.3.tar.gz", hash = "sha256:1c7fa367687d66979f2ce4d1a8b2716cf1c9fb811741cab3cf3ca356555c2beb", size = 33860, upload-time = "2025-12-04T00:58:13.679Z" }
wheels = [
    { url = "https://files.pythonhosted.org/packages/13/20/103f4e4a6e8a524ea92eee7d938c6133d0b129aa999a50f8648ad126c728/mac_alias-2.2.3-py3-none-any.whl", hash = "sha256:7362b521d2132ef92f606a37abfed5fcd849ceb2f28b6f9743e014b02af92f0d", size = 21127, upload-time = "2025-12-04T00:58:11.931Z" },
]
